
Microsoft Visual Studio Solution File, Format Version 12.00
# Visual Studio Version 17
VisualStudioVersion = 17.7.34202.233
MinimumVisualStudioVersion = 10.0.40219.1
Project("{FAE04EC0-301F-11D3-BF4B-00C04F79EFBC}") = "Niculae_AnaMaria_Lab6", "Niculae_AnaMaria_Lab6\Niculae_AnaMaria_Lab6.csproj", "{3B5A6C1B-18AF-43B0-A2A7-07D3E403A73D}"
EndProject
Global
	GlobalSection(SolutionConfigurationPlatforms) = preSolution
		Debug|Any CPU = Debug|Any CPU
		Release|Any CPU = Release|Any CPU
	EndGlobalSection
	GlobalSection(ProjectConfigurationPlatforms) = postSolution
		{3B5A6C1B-18AF-43B0-A2A7-07D3E403A73D}.Debug|Any CPU.ActiveCfg = Debug|Any CPU
		{3B5A6C1B-18AF-43B0-A2A7-07D3E403A73D}.Debug|Any CPU.Build.0 = Debug|Any CPU
		{3B5A6C1B-18AF-43B0-A2A7-07D3E403A73D}.Release|Any CPU.ActiveCfg = Release|Any CPU
		{3B5A6C1B-18AF-43B0-A2A7-07D3E403A73D}.Release|Any CPU.Build.0 = Release|Any CPU
	EndGlobalSection
	GlobalSection(SolutionProperties) = preSolution
		HideSolutionNode = FALSE
	EndGlobalSection
	GlobalSection(ExtensibilityGlobals) = postSolution
		SolutionGuid = {F2CB8285-D7BE-4CBE-A35D-2F901746459E}
	EndGlobalSection
EndGlobal
